
Microsoft Visual Studio Solution File, Format Version 12.00
# Visual Studio Version 16
VisualStudioVersion = 16.0.31515.178
MinimumVisualStudioVersion = 10.0.40219.1
Project("{FAE04EC0-301F-11D3-BF4B-00C04F79EFBC}") = "TestProject1", "TestProject1.csproj", "{28BAE99B-D703-41D4-9297-48B1134C0547}"
EndProject
Global
	GlobalSection(SolutionConfigurationPlatforms) = preSolution
		Debug|Any CPU = Debug|Any CPU
		Release|Any CPU = Release|Any CPU
	EndGlobalSection
	GlobalSection(ProjectConfigurationPlatforms) = postSolution
		{28BAE99B-D703-41D4-9297-48B1134C0547}.Debug|Any CPU.ActiveCfg = Debug|Any CPU
		{28BAE99B-D703-41D4-9297-48B1134C0547}.Debug|Any CPU.Build.0 = Debug|Any CPU
		{28BAE99B-D703-41D4-9297-48B1134C0547}.Release|Any CPU.ActiveCfg = Release|Any CPU
		{28BAE99B-D703-41D4-9297-48B1134C0547}.Release|Any CPU.Build.0 = Release|Any CPU
	EndGlobalSection
	GlobalSection(SolutionProperties) = preSolution
		HideSolutionNode = FALSE
	EndGlobalSection
	GlobalSection(ExtensibilityGlobals) = postSolution
		SolutionGuid = {DA8D761E-06CB-417E-9759-B51414BA89A5}
	EndGlobalSection
EndGlobal
